
Microsoft Visual Studio Solution File, Format Version 12.00
# Visual Studio Version 16
VisualStudioVersion = 16.0.29503.13
MinimumVisualStudioVersion = 10.0.40219.1
Project("{FAE04EC0-301F-11D3-BF4B-00C04F79EFBC}") = "LojbanWordsFrequency", "LojbanWordsFrequency\LojbanWordsFrequency.csproj", "{B20DD00A-C887-44DA-84E7-989114D22382}"
EndProject
Global
	GlobalSection(SolutionConfigurationPlatforms) = preSolution
		Debug|Any CPU = Debug|Any CPU
		Release|Any CPU = Release|Any CPU
	EndGlobalSection
	GlobalSection(ProjectConfigurationPlatforms) = postSolution
		{B20DD00A-C887-44DA-84E7-989114D22382}.Debug|Any CPU.ActiveCfg = Debug|Any CPU
		{B20DD00A-C887-44DA-84E7-989114D22382}.Debug|Any CPU.Build.0 = Debug|Any CPU
		{B20DD00A-C887-44DA-84E7-989114D22382}.Release|Any CPU.ActiveCfg = Release|Any CPU
		{B20DD00A-C887-44DA-84E7-989114D22382}.Release|Any CPU.Build.0 = Release|Any CPU
	EndGlobalSection
	GlobalSection(SolutionProperties) = preSolution
		HideSolutionNode = FALSE
	EndGlobalSection
	GlobalSection(ExtensibilityGlobals) = postSolution
		SolutionGuid = {0A1FE983-139F-4E37-936B-79CD28850D1A}
	EndGlobalSection
EndGlobal
